// !$*UTF8*$!
{
	archiveVersion = 1;
	classes = {
	};
	objectVersion = 46;
	objects = {

/* Begin PBXBuildFile section */
		6A82C6C71C1E124A00A3C1CA /* AppDelegate.swift in Sources */ = {isa = PBXBuildFile; fileRef = 6A82C6C61C1E124A00A3C1CA /* AppDelegate.swift */; };
		6A82C6C91C1E124A00A3C1CA /* ViewController.swift in Sources */ = {isa = PBXBuildFile; fileRef = 6A82C6C81C1E124A00A3C1CA /* ViewController.swift */; };
		6A82C6CC1C1E124A00A3C1CA /* Main.storyboard in Resources */ = {isa = PBXBuildFile; fileRef = 6A82C6CA1C1E124A00A3C1CA /* Main.storyboard */; };
		6A82C6CE1C1E124A00A3C1CA /* Assets.xcassets in Resources */ = {isa = PBXBuildFile; fileRef = 6A82C6CD1C1E124A00A3C1CA /* Assets.xcassets */; };
		6A82C6D11C1E124A00A3C1CA /* LaunchScreen.storyboard in Resources */ = {isa = PBXBuildFile; fileRef = 6A82C6CF1C1E124A00A3C1CA /* LaunchScreen.storyboard */; };
		6A82C6DC1C1E124A00A3C1CA /* RedBlueTestTests.swift in Sources */ = {isa = PBXBuildFile; fileRef = 6A82C6DB1C1E124A00A3C1CA /* RedBlueTestTests.swift */; };
		6A82C6E71C1E124A00A3C1CA /* RedBlueTestUITests.swift in Sources */ = {isa = PBXBuildFile; fileRef = 6A82C6E61C1E124A00A3C1CA /* RedBlueTestUITests.swift */; };
/* End PBXBuildFile section */

/* Begin PBXContainerItemProxy section */
		6A82C6D81C1E124A00A3C1CA /* PBXContainerItemProxy */ = {
			isa = PBXContainerItemProxy;
			containerPortal = 6A82C6BB1C1E124A00A3C1CA /* Project object */;
			proxyType = 1;
			remoteGlobalIDString = 6A82C6C21C1E124A00A3C1CA;
			remoteInfo = RedBlueTest;
		};
		6A82C6E31C1E124A00A3C1CA /* PBXContainerItemProxy */ = {
			isa = PBXContainerItemProxy;
			containerPortal = 6A82C6BB1C1E124A00A3C1CA /* Project object */;
			proxyType = 1;
			remoteGlobalIDString = 6A82C6C21C1E124A00A3C1CA;
			remoteInfo = RedBlueTest;
		};
/* End PBXContainerItemProxy section */

/* Begin PBXFileReference section */
		6A82C6C31C1E124A00A3C1CA /* RedBlueTest.app */ = {isa = PBXFileReference; explicitFileType = wrapper.application; includeInIndex = 0; path = RedBlueTest.app; sourceTree = BUILT_PRODUCTS_DIR; };
		6A82C6C61C1E124A00A3C1CA /* AppDelegate.swift */ = {isa = PBXFileReference; lastKnownFileType = sourcecode.swift; path = AppDelegate.swift; sourceTree = "<group>"; };
		6A82C6C81C1E124A00A3C1CA /* ViewController.swift */ = {isa = PBXFileReference; lastKnownFileType = sourcecode.swift; path = ViewController.swift; sourceTree = "<group>"; };
		6A82C6CB1C1E124A00A3C1CA /* Base */ = {isa = PBXFileReference; lastKnownFileType = file.storyboard; name = Base; path = Base.lproj/Main.storyboard; sourceTree = "<group>"; };
		6A82C6CD1C1E124A00A3C1CA /* Assets.xcassets */ = {isa = PBXFileReference; lastKnownFileType = folder.assetcatalog; path = Assets.xcassets; sourceTree = "<group>"; };
		6A82C6D01C1E124A00A3C1CA /* Base */ = {isa = PBXFileReference; lastKnownFileType = file.storyboard; name = Base; path = Base.lproj/LaunchScreen.storyboard; sourceTree = "<group>"; };
		6A82C6D21C1E124A00A3C1CA /* Info.plist */ = {isa = PBXFileReference; lastKnownFileType = text.plist.xml; path = Info.plist; sourceTree = "<group>"; };
		6A82C6D71C1E124A00A3C1CA /* RedBlueTestTests.xctest */ = {isa = PBXFileReference; explicitFileType = wrapper.cfbundle; includeInIndex = 0; path = RedBlueTestTests.xctest; sourceTree = BUILT_PRODUCTS_DIR; };
		6A82C6DB1C1E124A00A3C1CA /* RedBlueTestTests.swift */ = {isa = PBXFileReference; lastKnownFileType = sourcecode.swift; path = RedBlueTestTests.swift; sourceTree = "<group>"; };
		6A82C6DD1C1E124A00A3C1CA /* Info.plist */ = {isa = PBXFileReference; lastKnownFileType = text.plist.xml; path = Info.plist; sourceTree = "<group>"; };
		6A82C6E21C1E124A00A3C1CA /* RedBlueTestUITests.xctest */ = {isa = PBXFileReference; explicitFileType = wrapper.cfbundle; includeInIndex = 0; path = RedBlueTestUITests.xctest; sourceTree = BUILT_PRODUCTS_DIR; };
		6A82C6E61C1E124A00A3C1CA /* RedBlueTestUITests.swift */ = {isa = PBXFileReference; lastKnownFileType = sourcecode.swift; path = RedBlueTestUITests.swift; sourceTree = "<group>"; };
		6A82C6E81C1E124A00A3C1CA /* Info.plist */ = {isa = PBXFileReference; lastKnownFileType = text.plist.xml; path = Info.plist; sourceTree = "<group>"; };
/* End PBXFileReference section */

/* Begin PBXFrameworksBuildPhase section */
		6A82C6C01C1E124A00A3C1CA /* Frameworks */ = {
			isa = PBXFrameworksBuildPhase;
			buildActionMask = 2147483647;
			files = (
			);
			runOnlyForDeploymentPostprocessing = 0;
		};
		6A82C6D41C1E124A00A3C1CA /* Frameworks */ = {
			isa = PBXFrameworksBuildPhase;
			buildActionMask = 2147483647;
			files = (
			);
			runOnlyForDeploymentPostprocessing = 0;
		};
		6A82C6DF1C1E124A00A3C1CA /* Frameworks */ = {
			isa = PBXFrameworksBuildPhase;
			buildActionMask = 2147483647;
			files = (
			);
			runOnlyForDeploymentPostprocessing = 0;
		};
/* End PBXFrameworksBuildPhase section */

/* Begin PBXGroup section */
		6A82C6BA1C1E124A00A3C1CA = {
			isa = PBXGroup;
			children = (
				6A82C6C51C1E124A00A3C1CA /* RedBlueTest */,
				6A82C6DA1C1E124A00A3C1CA /* RedBlueTestTests */,
				6A82C6E51C1E124A00A3C1CA /* RedBlueTestUITests */,
				6A82C6C41C1E124A00A3C1CA /* Products */,
			);
			sourceTree = "<group>";
		};
		6A82C6C41C1E124A00A3C1CA /* Products */ = {
			isa = PBXGroup;
			children = (
				6A82C6C31C1E124A00A3C1CA /* RedBlueTest.app */,
				6A82C6D71C1E124A00A3C1CA /* RedBlueTestTests.xctest */,
				6A82C6E21C1E124A00A3C1CA /* RedBlueTestUITests.xctest */,
			);
			name = Products;
			sourceTree = "<group>";
		};
		6A82C6C51C1E124A00A3C1CA /* RedBlueTest */ = {
			isa = PBXGroup;
			children = (
				6A82C6C61C1E124A00A3C1CA /* AppDelegate.swift */,
				6A82C6C81C1E124A00A3C1CA /* ViewController.swift */,
				6A82C6CA1C1E124A00A3C1CA /* Main.storyboard */,
				6A82C6CD1C1E124A00A3C1CA /* Assets.xcassets */,
				6A82C6CF1C1E124A00A3C1CA /* LaunchScreen.storyboard */,
				6A82C6D21C1E124A00A3C1CA /* Info.plist */,
			);
			path = RedBlueTest;
			sourceTree = "<group>";
		};
		6A82C6DA1C1E124A00A3C1CA /* RedBlueTestTests */ = {
			isa = PBXGroup;
			children = (
				6A82C6DB1C1E124A00A3C1CA /* RedBlueTestTests.swift */,
				6A82C6DD1C1E124A00A3C1CA /* Info.plist */,
			);
			path = RedBlueTestTests;
			sourceTree = "<group>";
		};
		6A82C6E51C1E124A00A3C1CA /* RedBlueTestUITests */ = {
			isa = PBXGroup;
			children = (
				6A82C6E61C1E124A00A3C1CA /* RedBlueTestUITests.swift */,
				6A82C6E81C1E124A00A3C1CA /* Info.plist */,
			);
			path = RedBlueTestUITests;
			sourceTree = "<group>";
		};
/* End PBXGroup section */

/* Begin PBXNativeTarget section */
		6A82C6C21C1E124A00A3C1CA /* RedBlueTest */ = {
			isa = PBXNativeTarget;
			buildConfigurationList = 6A82C6EB1C1E124A00A3C1CA /* Build configuration list for PBXNativeTarget "RedBlueTest" */;
			buildPhases = (
				6A82C6BF1C1E124A00A3C1CA /* Sources */,
				6A82C6C01C1E124A00A3C1CA /* Frameworks */,
				6A82C6C11C1E124A00A3C1CA /* Resources */,
			);
			buildRules = (
			);
			dependencies = (
			);
			name = RedBlueTest;
			productName = RedBlueTest;
			productReference = 6A82C6C31C1E124A00A3C1CA /* RedBlueTest.app */;
			productType = "com.apple.product-type.application";
		};
		6A82C6D61C1E124A00A3C1CA /* RedBlueTestTests */ = {
			isa = PBXNativeTarget;
			buildConfigurationList = 6A82C6EE1C1E124A00A3C1CA /* Build configuration list for PBXNativeTarget "RedBlueTestTests" */;
			buildPhases = (
				6A82C6D31C1E124A00A3C1CA /* Sources */,
				6A82C6D41C1E124A00A3C1CA /* Frameworks */,
				6A82C6D51C1E124A00A3C1CA /* Resources */,
			);
			buildRules = (
			);
			dependencies = (
				6A82C6D91C1E124A00A3C1CA /* PBXTargetDependency */,
			);
			name = RedBlueTestTests;
			productName = RedBlueTestTests;
			productReference = 6A82C6D71C1E124A00A3C1CA /* RedBlueTestTests.xctest */;
			productType = "com.apple.product-type.bundle.unit-test";
		};
		6A82C6E11C1E124A00A3C1CA /* RedBlueTestUITests */ = {
			isa = PBXNativeTarget;
			buildConfigurationList = 6A82C6F11C1E124A00A3C1CA /* Build configuration list for PBXNativeTarget "RedBlueTestUITests" */;
			buildPhases = (
				6A82C6DE1C1E124A00A3C1CA /* Sources */,
				6A82C6DF1C1E124A00A3C1CA /* Frameworks */,
				6A82C6E01C1E124A00A3C1CA /* Resources */,
			);
			buildRules = (
			);
			dependencies = (
				6A82C6E41C1E124A00A3C1CA /* PBXTargetDependency */,
			);
			name = RedBlueTestUITests;
			productName = RedBlueTestUITests;
			productReference = 6A82C6E21C1E124A00A3C1CA /* RedBlueTestUITests.xctest */;
			productType = "com.apple.product-type.bundle.ui-testing";
		};
/* End PBXNativeTarget section */

/* Begin PBXProject section */
		6A82C6BB1C1E124A00A3C1CA /* Project object */ = {
			isa = PBXProject;
			attributes = {
				LastSwiftUpdateCheck = 0720;
				LastUpgradeCheck = 0720;
				ORGANIZATIONNAME = "Fishers High School";
				TargetAttributes = {
					6A82C6C21C1E124A00A3C1CA = {
						CreatedOnToolsVersion = 7.2;
						DevelopmentTeam = P4RDJU228L;
					};
					6A82C6D61C1E124A00A3C1CA = {
						CreatedOnToolsVersion = 7.2;
						DevelopmentTeam = P4RDJU228L;
						TestTargetID = 6A82C6C21C1E124A00A3C1CA;
					};
					6A82C6E11C1E124A00A3C1CA = {
						CreatedOnToolsVersion = 7.2;
						DevelopmentTeam = P4RDJU228L;
						TestTargetID = 6A82C6C21C1E124A00A3C1CA;
					};
				};
			};
			buildConfigurationList = 6A82C6BE1C1E124A00A3C1CA /* Build configuration list for PBXProject "RedBlueTest" */;
			compatibilityVersion = "Xcode 3.2";
			developmentRegion = English;
			hasScannedForEncodings = 0;
			knownRegions = (
				en,
				Base,
			);
			mainGroup = 6A82C6BA1C1E124A00A3C1CA;
			productRefGroup = 6A82C6C41C1E124A00A3C1CA /* Products */;
			projectDirPath = "";
			projectRoot = "";
			targets = (
				6A82C6C21C1E124A00A3C1CA /* RedBlueTest */,
				6A82C6D61C1E124A00A3C1CA /* RedBlueTestTests */,
				6A82C6E11C1E124A00A3C1CA /* RedBlueTestUITests */,
			);
		};
/* End PBXProject section */

/* Begin PBXResourcesBuildPhase section */
		6A82C6C11C1E124A00A3C1CA /* Resources */ = {
			isa = PBXResourcesBuildPhase;
			buildActionMask = 2147483647;
			files = (
				6A82C6D11C1E124A00A3C1CA /* LaunchScreen.storyboard in Resources */,
				6A82C6CE1C1E124A00A3C1CA /* Assets.xcassets in Resources */,
				6A82C6CC1C1E124A00A3C1CA /* Main.storyboard in Resources */,
			);
			runOnlyForDeploymentPostprocessing = 0;
		};
		6A82C6D51C1E124A00A3C1CA /* Resources */ = {
			isa = PBXResourcesBuildPhase;
			buildActionMask = 2147483647;
			files = (
			);
			runOnlyForDeploymentPostprocessing = 0;
		};
		6A82C6E01C1E124A00A3C1CA /* Resources */ = {
			isa = PBXResourcesBuildPhase;
			buildActionMask = 2147483647;
			files = (
			);
			runOnlyForDeploymentPostprocessing = 0;
		};
/* End PBXResourcesBuildPhase section */

/* Begin PBXSourcesBuildPhase section */
		6A82C6BF1C1E124A00A3C1CA /* Sources */ = {
			isa = PBXSourcesBuildPhase;
			buildActionMask = 2147483647;
			files = (
				6A82C6C91C1E124A00A3C1CA /* ViewController.swift in Sources */,
				6A82C6C71C1E124A00A3C1CA /* AppDelegate.swift in Sources */,
			);
			runOnlyForDeploymentPostprocessing = 0;
		};
		6A82C6D31C1E124A00A3C1CA /* Sources */ = {
			isa = PBXSourcesBuildPhase;
			buildActionMask = 2147483647;
			files = (
				6A82C6DC1C1E124A00A3C1CA /* RedBlueTestTests.swift in Sources */,
			);
			runOnlyForDeploymentPostprocessing = 0;
		};
		6A82C6DE1C1E124A00A3C1CA /* Sources */ = {
			isa = PBXSourcesBuildPhase;
			buildActionMask = 2147483647;
			files = (
				6A82C6E71C1E124A00A3C1CA /* RedBlueTestUITests.swift in Sources */,
			);
			runOnlyForDeploymentPostprocessing = 0;
		};
/* End PBXSourcesBuildPhase section */

/* Begin PBXTargetDependency section */
		6A82C6D91C1E124A00A3C1CA /* PBXTargetDependency */ = {
			isa = PBXTargetDependency;
			target = 6A82C6C21C1E124A00A3C1CA /* RedBlueTest */;
			targetProxy = 6A82C6D81C1E124A00A3C1CA /* PBXContainerItemProxy */;
		};
		6A82C6E41C1E124A00A3C1CA /* PBXTargetDependency */ = {
			isa = PBXTargetDependency;
			target = 6A82C6C21C1E124A00A3C1CA /* RedBlueTest */;
			targetProxy = 6A82C6E31C1E124A00A3C1CA /* PBXContainerItemProxy */;
		};
/* End PBXTargetDependency section */

/* Begin PBXVariantGroup section */
		6A82C6CA1C1E124A00A3C1CA /* Main.storyboard */ = {
			isa = PBXVariantGroup;
			children = (
				6A82C6CB1C1E124A00A3C1CA /* Base */,
			);
			name = Main.storyboard;
			sourceTree = "<group>";
		};
		6A82C6CF1C1E124A00A3C1CA /* LaunchScreen.storyboard */ = {
			isa = PBXVariantGroup;
			children = (
				6A82C6D01C1E124A00A3C1CA /* Base */,
			);
			name = LaunchScreen.storyboard;
			sourceTree = "<group>";
		};
/* End PBXVariantGroup section */

/* Begin XCBuildConfiguration section */
		6A82C6E91C1E124A00A3C1CA /* Debug */ = {
			isa = XCBuildConfiguration;
			buildSettings = {
				ALWAYS_SEARCH_USER_PATHS = NO;
				CLANG_CXX_LANGUAGE_STANDARD = "gnu++0x";
				CLANG_CXX_LIBRARY = "libc++";
				CLANG_ENABLE_MODULES = YES;
				CLANG_ENABLE_OBJC_ARC = YES;
				CLANG_WARN_BOOL_CONVERSION = YES;
				CLANG_WARN_CONSTANT_CONVERSION = YES;
				CLANG_WARN_DIRECT_OBJC_ISA_USAGE = YES_ERROR;
				CLANG_WARN_EMPTY_BODY = YES;
				CLANG_WARN_ENUM_CONVERSION = YES;
				CLANG_WARN_INT_CONVERSION = YES;
				CLANG_WARN_OBJC_ROOT_CLASS = YES_ERROR;
				CLANG_WARN_UNREACHABLE_CODE = YES;
				CLANG_WARN__DUPLICATE_METHOD_MATCH = YES;
				"CODE_SIGN_IDENTITY[sdk=iphoneos*]" = "iPhone Developer";
				COPY_PHASE_STRIP = NO;
				DEBUG_INFORMATION_FORMAT = dwarf;
				ENABLE_STRICT_OBJC_MSGSEND = YES;
				ENABLE_TESTABILITY = YES;
				GCC_C_LANGUAGE_STANDARD = gnu99;
				GCC_DYNAMIC_NO_PIC = NO;
				GCC_NO_COMMON_BLOCKS = YES;
				GCC_OPTIMIZATION_LEVEL = 0;
				GCC_PREPROCESSOR_DEFINITIONS = (
					"DEBUG=1",
					"$(inherited)",
				);
				GCC_WARN_64_TO_32_BIT_CONVERSION = YES;
				GCC_WARN_ABOUT_RETURN_TYPE = YES_ERROR;
				GCC_WARN_UNDECLARED_SELECTOR = YES;
				GCC_WARN_UNINITIALIZED_AUTOS = YES_AGGRESSIVE;
				GCC_WARN_UNUSED_FUNCTION = YES;
				GCC_WARN_UNUSED_VARIABLE = YES;
				IPHONEOS_DEPLOYMENT_TARGET = 9.2;
				MTL_ENABLE_DEBUG_INFO = YES;
				ONLY_ACTIVE_ARCH = YES;
				SDKROOT = iphoneos;
				SWIFT_OPTIMIZATION_LEVEL = "-Onone";
				TARGETED_DEVICE_FAMILY = "1,2";
			};
			name = Debug;
		};
		6A82C6EA1C1E124A00A3C1CA /* Release */ = {
			isa = XCBuildConfiguration;
			buildSettings = {
				ALWAYS_SEARCH_USER_PATHS = NO;
				CLANG_CXX_LANGUAGE_STANDARD = "gnu++0x";
				CLANG_CXX_LIBRARY = "libc++";
				CLANG_ENABLE_MODULES = YES;
				CLANG_ENABLE_OBJC_ARC = YES;
				CLANG_WARN_BOOL_CONVERSION = YES;
				CLANG_WARN_CONSTANT_CONVERSION = YES;
				CLANG_WARN_DIRECT_OBJC_ISA_USAGE = YES_ERROR;
				CLANG_WARN_EMPTY_BODY = YES;
				CLANG_WARN_ENUM_CONVERSION = YES;
				CLANG_WARN_INT_CONVERSION = YES;
				CLANG_WARN_OBJC_ROOT_CLASS = YES_ERROR;
				CLANG_WARN_UNREACHABLE_CODE = YES;
				CLANG_WARN__DUPLICATE_METHOD_MATCH = YES;
				"CODE_SIGN_IDENTITY[sdk=iphoneos*]" = "iPhone Developer";
				COPY_PHASE_STRIP = NO;
				DEBUG_INFORMATION_FORMAT = "dwarf-with-dsym";
				ENABLE_NS_ASSERTIONS = NO;
				ENABLE_STRICT_OBJC_MSGSEND = YES;
				GCC_C_LANGUAGE_STANDARD = gnu99;
				GCC_NO_COMMON_BLOCKS = YES;
				GCC_WARN_64_TO_32_BIT_CONVERSION = YES;
				GCC_WARN_ABOUT_RETURN_TYPE = YES_ERROR;
				GCC_WARN_UNDECLARED_SELECTOR = YES;
				GCC_WARN_UNINITIALIZED_AUTOS = YES_AGGRESSIVE;
				GCC_WARN_UNUSED_FUNCTION = YES;
				GCC_WARN_UNUSED_VARIABLE = YES;
				IPHONEOS_DEPLOYMENT_TARGET = 9.2;
				MTL_ENABLE_DEBUG_INFO = NO;
				SDKROOT = iphoneos;
				TARGETED_DEVICE_FAMILY = "1,2";
				VALIDATE_PRODUCT = YES;
			};
			name = Release;
		};
		6A82C6EC1C1E124A00A3C1CA /* Debug */ = {
			isa = XCBuildConfiguration;
			buildSettings = {
				ASSETCATALOG_COMPILER_APPICON_NAME = AppIcon;
				INFOPLIST_FILE = RedBlueTest/Info.plist;
				LD_RUNPATH_SEARCH_PATHS = "$(inherited) @executable_path/Frameworks";
				PRODUCT_BUNDLE_IDENTIFIER = com.FishersHighSchool.RedBlueTest;
				PRODUCT_NAME = "$(TARGET_NAME)";
			};
			name = Debug;
		};
		6A82C6ED1C1E124A00A3C1CA /* Release */ = {
			isa = XCBuildConfiguration;
			buildSettings = {
				ASSETCATALOG_COMPILER_APPICON_NAME = AppIcon;
				INFOPLIST_FILE = RedBlueTest/Info.plist;
				LD_RUNPATH_SEARCH_PATHS = "$(inherited) @executable_path/Frameworks";
				PRODUCT_BUNDLE_IDENTIFIER = com.FishersHighSchool.RedBlueTest;
				PRODUCT_NAME = "$(TARGET_NAME)";
			};
			name = Release;
		};
		6A82C6EF1C1E124A00A3C1CA /* Debug */ = {
			isa = XCBuildConfiguration;
			buildSettings = {
				BUNDLE_LOADER = "$(TEST_HOST)";
				INFOPLIST_FILE = RedBlueTestTests/Info.plist;
				LD_RUNPATH_SEARCH_PATHS = "$(inherited) @executable_path/Frameworks @loader_path/Frameworks";
				PRODUCT_BUNDLE_IDENTIFIER = com.FishersHighSchool.RedBlueTestTests;
				PRODUCT_NAME = "$(TARGET_NAME)";
				TEST_HOST = "$(BUILT_PRODUCTS_DIR)/RedBlueTest.app/RedBlueTest";
			};
			name = Debug;
		};
		6A82C6F01C1E124A00A3C1CA /* Release */ = {
			isa = XCBuildConfiguration;
			buildSettings = {
				BUNDLE_LOADER = "$(TEST_HOST)";
				INFOPLIST_FILE = RedBlueTestTests/Info.plist;
				LD_RUNPATH_SEARCH_PATHS = "$(inherited) @executable_path/Frameworks @loader_path/Frameworks";
				PRODUCT_BUNDLE_IDENTIFIER = com.FishersHighSchool.RedBlueTestTests;
				PRODUCT_NAME = "$(TARGET_NAME)";
				TEST_HOST = "$(BUILT_PRODUCTS_DIR)/RedBlueTest.app/RedBlueTest";
			};
			name = Release;
		};
		6A82C6F21C1E124A00A3C1CA /* Debug */ = {
			isa = XCBuildConfiguration;
			buildSettings = {
				INFOPLIST_FILE = RedBlueTestUITests/Info.plist;
				LD_RUNPATH_SEARCH_PATHS = "$(inherited) @executable_path/Frameworks @loader_path/Frameworks";
				PRODUCT_BUNDLE_IDENTIFIER = com.FishersHighSchool.RedBlueTestUITests;
				PRODUCT_NAME = "$(TARGET_NAME)";
				TEST_TARGET_NAME = RedBlueTest;
				USES_XCTRUNNER = YES;
			};
			name = Debug;
		};
		6A82C6F31C1E124A00A3C1CA /* Release */ = {
			isa = XCBuildConfiguration;
			buildSettings = {
				INFOPLIST_FILE = RedBlueTestUITests/Info.plist;
				LD_RUNPATH_SEARCH_PATHS = "$(inherited) @executable_path/Frameworks @loader_path/Frameworks";
				PRODUCT_BUNDLE_IDENTIFIER = com.FishersHighSchool.RedBlueTestUITests;
				PRODUCT_NAME = "$(TARGET_NAME)";
				TEST_TARGET_NAME = RedBlueTest;
				USES_XCTRUNNER = YES;
			};
			name = Release;
		};
/* End XCBuildConfiguration section */

/* Begin XCConfigurationList section */
		6A82C6BE1C1E124A00A3C1CA /* Build configuration list for PBXProject "RedBlueTest" */ = {
			isa = XCConfigurationList;
			buildConfigurations = (
				6A82C6E91C1E124A00A3C1CA /* Debug */,
				6A82C6EA1C1E124A00A3C1CA /* Release */,
			);
			defaultConfigurationIsVisible = 0;
			defaultConfigurationName = Release;
		};
		6A82C6EB1C1E124A00A3C1CA /* Build configuration list for PBXNativeTarget "RedBlueTest" */ = {
			isa = XCConfigurationList;
			buildConfigurations = (
				6A82C6EC1C1E124A00A3C1CA /* Debug */,
				6A82C6ED1C1E124A00A3C1CA /* Release */,
			);
			defaultConfigurationIsVisible = 0;
		};
		6A82C6EE1C1E124A00A3C1CA /* Build configuration list for PBXNativeTarget "RedBlueTestTests" */ = {
			isa = XCConfigurationList;
			buildConfigurations = (
				6A82C6EF1C1E124A00A3C1CA /* Debug */,
				6A82C6F01C1E124A00A3C1CA /* Release */,
			);
			defaultConfigurationIsVisible = 0;
		};
		6A82C6F11C1E124A00A3C1CA /* Build configuration list for PBXNativeTarget "RedBlueTestUITests" */ = {
			isa = XCConfigurationList;
			buildConfigurations = (
				6A82C6F21C1E124A00A3C1CA /* Debug */,
				6A82C6F31C1E124A00A3C1CA /* Release */,
			);
			defaultConfigurationIsVisible = 0;
		};
/* End XCConfigurationList section */
	};
	rootObject = 6A82C6BB1C1E124A00A3C1CA /* Project object */;
}
